
Microsoft Visual Studio Solution File, Format Version 12.00
# Visual Studio Version 17
VisualStudioVersion = 17.10.35027.167
MinimumVisualStudioVersion = 10.0.40219.1
Project("{9A19103F-16F7-4668-BE54-9A1E7A4F7556}") = "uml4net", "uml4net\uml4net.csproj", "{9004F43D-A59A-45B5-8511-985C27329A25}"
EndProject
Project("{9A19103F-16F7-4668-BE54-9A1E7A4F7556}") = "uml4net.Tests", "uml4net.Tests\uml4net.Tests.csproj", "{0A31A432-692B-4C74-90EC-D9424BCC2608}"
EndProject
Project("{2150E333-8FDC-42A3-9474-1A3956D46DE8}") = "Soluttion Items", "Soluttion Items", "{4B43DD11-63AD-4703-BBA0-C279CFCC465F}"
	ProjectSection(SolutionItems) = preProject
		.gitignore = .gitignore
		CODE_OF_CONDUCT.md = CODE_OF_CONDUCT.md
		coverlet.runsettings = coverlet.runsettings
		LICENSE = LICENSE
		NOTICE = NOTICE
		Nuget.Config = Nuget.Config
		README.md = README.md
		release.bat = release.bat
	EndProjectSection
EndProject
Project("{9A19103F-16F7-4668-BE54-9A1E7A4F7556}") = "uml4net.xmi", "uml4net.xmi\uml4net.xmi.csproj", "{6C34F77D-734A-4983-B11C-7C166EE5E684}"
EndProject
Project("{9A19103F-16F7-4668-BE54-9A1E7A4F7556}") = "uml4net.xmi.Tests", "uml4net.xmi.Tests\uml4net.xmi.Tests.csproj", "{37EDC280-C79F-487A-8B34-8B6460E6EB0C}"
EndProject
Project("{9A19103F-16F7-4668-BE54-9A1E7A4F7556}") = "uml4net.CodeGenerator", "uml4net.CodeGenerator\uml4net.CodeGenerator.csproj", "{05492B90-532B-41F2-A3F3-41969CA02406}"
EndProject
Project("{9A19103F-16F7-4668-BE54-9A1E7A4F7556}") = "uml4net.CodeGenerator.Tests", "uml4net.CodeGenerator.Tests\uml4net.CodeGenerator.Tests.csproj", "{325EF79A-369D-4A53-8FCE-11C5504D0EB8}"
EndProject
Project("{9A19103F-16F7-4668-BE54-9A1E7A4F7556}") = "uml4net.Extensions", "uml4net.Extensions\uml4net.Extensions.csproj", "{566C0321-9872-4F0D-AC2C-52B01EC72EFD}"
EndProject
Project("{9A19103F-16F7-4668-BE54-9A1E7A4F7556}") = "uml4net.Extensions.Tests", "uml4net.Extensions.Tests\uml4net.Extensions.Tests.csproj", "{4A170254-FDB3-42B8-A71F-DD35F64D74AC}"
EndProject
Project("{9A19103F-16F7-4668-BE54-9A1E7A4F7556}") = "uml4net.HandleBars", "uml4net.HandleBars\uml4net.HandleBars.csproj", "{EB0425EC-AD4D-4F3E-8EC7-56C8116202D3}"
EndProject
Project("{9A19103F-16F7-4668-BE54-9A1E7A4F7556}") = "uml4net.Reporting", "uml4net.Reporting\uml4net.Reporting.csproj", "{3909A732-2EBF-4690-B515-B0DF9A582B24}"
EndProject
Project("{9A19103F-16F7-4668-BE54-9A1E7A4F7556}") = "uml4net.Reporting.Tests", "uml4net.Reporting.Tests\uml4net.Reporting.Tests.csproj", "{DD0F5780-C9D1-43BC-AFAD-F56BA1A6CDCA}"
EndProject
Project("{9A19103F-16F7-4668-BE54-9A1E7A4F7556}") = "uml4net.Tools", "uml4net.Tools\uml4net.Tools.csproj", "{79A43C07-CED5-4258-8314-F15F042C0775}"
EndProject
Project("{9A19103F-16F7-4668-BE54-9A1E7A4F7556}") = "uml4net.Tools.Tests", "uml4net.Tools.Tests\uml4net.Tools.Tests.csproj", "{246A65BB-19C2-4725-BF27-210711118590}"
EndProject
Project("{FAE04EC0-301F-11D3-BF4B-00C04F79EFBC}") = "uml4net.HandleBars.Tests", "uml4net.HandleBars.Tests\uml4net.HandleBars.Tests.csproj", "{3CD9DFB4-50FE-46FD-BE5F-C8D9B1F49607}"
EndProject
Project("{FAE04EC0-301F-11D3-BF4B-00C04F79EFBC}") = "uml4net.xmi.Extensions.EnterpriseArchitect", "uml4net.xmi.Extensions.EnterpriseArchitect\uml4net.xmi.Extensions.EnterpriseArchitect.csproj", "{CA93DA85-9D01-430A-8202-6E3B4B89A5EA}"
EndProject
Project("{FAE04EC0-301F-11D3-BF4B-00C04F79EFBC}") = "uml4net.xmi.Extensions.EnterpriseArchitect.Tests", "uml4net.xmi.Extensions.EnterpriseArchitect.Tests\uml4net.xmi.Extensions.EnterpriseArchitect.Tests.csproj", "{8B2E995B-2A38-474E-85BD-EC5130EA96FB}"
EndProject
Global
	GlobalSection(SolutionConfigurationPlatforms) = preSolution
		Debug|Any CPU = Debug|Any CPU
		Release|Any CPU = Release|Any CPU
	EndGlobalSection
	GlobalSection(ProjectConfigurationPlatforms) = postSolution
		{9004F43D-A59A-45B5-8511-985C27329A25}.Debug|Any CPU.ActiveCfg = Debug|Any CPU
		{9004F43D-A59A-45B5-8511-985C27329A25}.Debug|Any CPU.Build.0 = Debug|Any CPU
		{9004F43D-A59A-45B5-8511-985C27329A25}.Release|Any CPU.ActiveCfg = Release|Any CPU
		{9004F43D-A59A-45B5-8511-985C27329A25}.Release|Any CPU.Build.0 = Release|Any CPU
		{0A31A432-692B-4C74-90EC-D9424BCC2608}.Debug|Any CPU.ActiveCfg = Debug|Any CPU
		{0A31A432-692B-4C74-90EC-D9424BCC2608}.Debug|Any CPU.Build.0 = Debug|Any CPU
		{0A31A432-692B-4C74-90EC-D9424BCC2608}.Release|Any CPU.ActiveCfg = Release|Any CPU
		{0A31A432-692B-4C74-90EC-D9424BCC2608}.Release|Any CPU.Build.0 = Release|Any CPU
		{6C34F77D-734A-4983-B11C-7C166EE5E684}.Debug|Any CPU.ActiveCfg = Debug|Any CPU
		{6C34F77D-734A-4983-B11C-7C166EE5E684}.Debug|Any CPU.Build.0 = Debug|Any CPU
		{6C34F77D-734A-4983-B11C-7C166EE5E684}.Release|Any CPU.ActiveCfg = Release|Any CPU
		{6C34F77D-734A-4983-B11C-7C166EE5E684}.Release|Any CPU.Build.0 = Release|Any CPU
		{37EDC280-C79F-487A-8B34-8B6460E6EB0C}.Debug|Any CPU.ActiveCfg = Debug|Any CPU
		{37EDC280-C79F-487A-8B34-8B6460E6EB0C}.Debug|Any CPU.Build.0 = Debug|Any CPU
		{37EDC280-C79F-487A-8B34-8B6460E6EB0C}.Release|Any CPU.ActiveCfg = Release|Any CPU
		{37EDC280-C79F-487A-8B34-8B6460E6EB0C}.Release|Any CPU.Build.0 = Release|Any CPU
		{05492B90-532B-41F2-A3F3-41969CA02406}.Debug|Any CPU.ActiveCfg = Debug|Any CPU
		{05492B90-532B-41F2-A3F3-41969CA02406}.Debug|Any CPU.Build.0 = Debug|Any CPU
		{05492B90-532B-41F2-A3F3-41969CA02406}.Release|Any CPU.ActiveCfg = Release|Any CPU
		{05492B90-532B-41F2-A3F3-41969CA02406}.Release|Any CPU.Build.0 = Release|Any CPU
		{325EF79A-369D-4A53-8FCE-11C5504D0EB8}.Debug|Any CPU.ActiveCfg = Debug|Any CPU
		{325EF79A-369D-4A53-8FCE-11C5504D0EB8}.Debug|Any CPU.Build.0 = Debug|Any CPU
		{325EF79A-369D-4A53-8FCE-11C5504D0EB8}.Release|Any CPU.ActiveCfg = Release|Any CPU
		{325EF79A-369D-4A53-8FCE-11C5504D0EB8}.Release|Any CPU.Build.0 = Release|Any CPU
		{566C0321-9872-4F0D-AC2C-52B01EC72EFD}.Debug|Any CPU.ActiveCfg = Debug|Any CPU
		{566C0321-9872-4F0D-AC2C-52B01EC72EFD}.Debug|Any CPU.Build.0 = Debug|Any CPU
		{566C0321-9872-4F0D-AC2C-52B01EC72EFD}.Release|Any CPU.ActiveCfg = Release|Any CPU
		{566C0321-9872-4F0D-AC2C-52B01EC72EFD}.Release|Any CPU.Build.0 = Release|Any CPU
		{4A170254-FDB3-42B8-A71F-DD35F64D74AC}.Debug|Any CPU.ActiveCfg = Debug|Any CPU
		{4A170254-FDB3-42B8-A71F-DD35F64D74AC}.Debug|Any CPU.Build.0 = Debug|Any CPU
		{4A170254-FDB3-42B8-A71F-DD35F64D74AC}.Release|Any CPU.ActiveCfg = Release|Any CPU
		{4A170254-FDB3-42B8-A71F-DD35F64D74AC}.Release|Any CPU.Build.0 = Release|Any CPU
		{EB0425EC-AD4D-4F3E-8EC7-56C8116202D3}.Debug|Any CPU.ActiveCfg = Debug|Any CPU
		{EB0425EC-AD4D-4F3E-8EC7-56C8116202D3}.Debug|Any CPU.Build.0 = Debug|Any CPU
		{EB0425EC-AD4D-4F3E-8EC7-56C8116202D3}.Release|Any CPU.ActiveCfg = Release|Any CPU
		{EB0425EC-AD4D-4F3E-8EC7-56C8116202D3}.Release|Any CPU.Build.0 = Release|Any CPU
		{3909A732-2EBF-4690-B515-B0DF9A582B24}.Debug|Any CPU.ActiveCfg = Debug|Any CPU
		{3909A732-2EBF-4690-B515-B0DF9A582B24}.Debug|Any CPU.Build.0 = Debug|Any CPU
		{3909A732-2EBF-4690-B515-B0DF9A582B24}.Release|Any CPU.ActiveCfg = Release|Any CPU
		{3909A732-2EBF-4690-B515-B0DF9A582B24}.Release|Any CPU.Build.0 = Release|Any CPU
		{DD0F5780-C9D1-43BC-AFAD-F56BA1A6CDCA}.Debug|Any CPU.ActiveCfg = Debug|Any CPU
		{DD0F5780-C9D1-43BC-AFAD-F56BA1A6CDCA}.Debug|Any CPU.Build.0 = Debug|Any CPU
		{DD0F5780-C9D1-43BC-AFAD-F56BA1A6CDCA}.Release|Any CPU.ActiveCfg = Release|Any CPU
		{DD0F5780-C9D1-43BC-AFAD-F56BA1A6CDCA}.Release|Any CPU.Build.0 = Release|Any CPU
		{79A43C07-CED5-4258-8314-F15F042C0775}.Debug|Any CPU.ActiveCfg = Debug|Any CPU
		{79A43C07-CED5-4258-8314-F15F042C0775}.Debug|Any CPU.Build.0 = Debug|Any CPU
		{79A43C07-CED5-4258-8314-F15F042C0775}.Release|Any CPU.ActiveCfg = Release|Any CPU
		{79A43C07-CED5-4258-8314-F15F042C0775}.Release|Any CPU.Build.0 = Release|Any CPU
		{246A65BB-19C2-4725-BF27-210711118590}.Debug|Any CPU.ActiveCfg = Debug|Any CPU
		{246A65BB-19C2-4725-BF27-210711118590}.Debug|Any CPU.Build.0 = Debug|Any CPU
		{246A65BB-19C2-4725-BF27-210711118590}.Release|Any CPU.ActiveCfg = Release|Any CPU
		{246A65BB-19C2-4725-BF27-210711118590}.Release|Any CPU.Build.0 = Release|Any CPU
		{3CD9DFB4-50FE-46FD-BE5F-C8D9B1F49607}.Debug|Any CPU.ActiveCfg = Debug|Any CPU
		{3CD9DFB4-50FE-46FD-BE5F-C8D9B1F49607}.Debug|Any CPU.Build.0 = Debug|Any CPU
		{3CD9DFB4-50FE-46FD-BE5F-C8D9B1F49607}.Release|Any CPU.ActiveCfg = Release|Any CPU
		{3CD9DFB4-50FE-46FD-BE5F-C8D9B1F49607}.Release|Any CPU.Build.0 = Release|Any CPU
		{CA93DA85-9D01-430A-8202-6E3B4B89A5EA}.Debug|Any CPU.ActiveCfg = Debug|Any CPU
		{CA93DA85-9D01-430A-8202-6E3B4B89A5EA}.Debug|Any CPU.Build.0 = Debug|Any CPU
		{CA93DA85-9D01-430A-8202-6E3B4B89A5EA}.Release|Any CPU.ActiveCfg = Release|Any CPU
		{CA93DA85-9D01-430A-8202-6E3B4B89A5EA}.Release|Any CPU.Build.0 = Release|Any CPU
		{8B2E995B-2A38-474E-85BD-EC5130EA96FB}.Debug|Any CPU.ActiveCfg = Debug|Any CPU
		{8B2E995B-2A38-474E-85BD-EC5130EA96FB}.Debug|Any CPU.Build.0 = Debug|Any CPU
		{8B2E995B-2A38-474E-85BD-EC5130EA96FB}.Release|Any CPU.ActiveCfg = Release|Any CPU
		{8B2E995B-2A38-474E-85BD-EC5130EA96FB}.Release|Any CPU.Build.0 = Release|Any CPU
	EndGlobalSection
	GlobalSection(SolutionProperties) = preSolution
		HideSolutionNode = FALSE
	EndGlobalSection
	GlobalSection(ExtensibilityGlobals) = postSolution
		SolutionGuid = {02E1AAD3-589F-4086-81C5-2CF7981F28E9}
	EndGlobalSection
EndGlobal
